{
  "name": "nimbus-landing",
  "version": "2.4.1",
  "lockfileVersion": 3,
  "requires": true,
  "packages": {
    "": {
      "name": "nimbus-landing",
      "version": "2.4.1",
      "dependencies": {
        "clean-css": "^5.3.3",
        "html-minifier-terser": "^7.2.0"
      },
      "devDependencies": {
        "htmlhint": "^1.1.4",
        "serve": "^14.2.4"
      }
    }
  }
}
